
Microsoft Visual Studio Solution File, Format Version 12.00
# Visual Studio Version 17
VisualStudioVersion = 17.6.33815.320
MinimumVisualStudioVersion = 10.0.40219.1
Project("{FAE04EC0-301F-11D3-BF4B-00C04F79EFBC}") = "Portfolio", "Portfolio.csproj", "{10D99BB3-DD4F-419E-A846-804438472263}"
EndProject
Global
	GlobalSection(SolutionConfigurationPlatforms) = preSolution
		Debug|Any CPU = Debug|Any CPU
		Release|Any CPU = Release|Any CPU
	EndGlobalSection
	GlobalSection(ProjectConfigurationPlatforms) = postSolution
		{10D99BB3-DD4F-419E-A846-804438472263}.Debug|Any CPU.ActiveCfg = Debug|Any CPU
		{10D99BB3-DD4F-419E-A846-804438472263}.Debug|Any CPU.Build.0 = Debug|Any CPU
		{10D99BB3-DD4F-419E-A846-804438472263}.Release|Any CPU.ActiveCfg = Release|Any CPU
		{10D99BB3-DD4F-419E-A846-804438472263}.Release|Any CPU.Build.0 = Release|Any CPU
	EndGlobalSection
	GlobalSection(SolutionProperties) = preSolution
		HideSolutionNode = FALSE
	EndGlobalSection
	GlobalSection(ExtensibilityGlobals) = postSolution
		SolutionGuid = {FCDF58DB-524C-4C00-A19D-449072CCCB5F}
	EndGlobalSection
EndGlobal
